# THIS IS AN AUTOGENERATED FILE. DO NOT EDIT THIS FILE DIRECTLY.
# yarn lockfile v1


"assemblyscript@0.19.10":
  "integrity" "sha512-HavcUBXB3mBTRGJcpvaQjmnmaqKHBGREjSPNsIvnAk2f9dj78y4BkMaSSdvBQYWcDDzsHQjyUC8stICFkD1Odg=="
  "resolved" "https://registry.npmjs.org/assemblyscript/-/assemblyscript-0.19.10.tgz"
  "version" "0.19.10"
  dependencies:
    "binaryen" "101.0.0-nightly.20210723"
    "long" "^4.0.0"

"binaryen@101.0.0-nightly.20210723":
  "integrity" "sha512-eioJNqhHlkguVSbblHOtLqlhtC882SOEPKmNFZaDuz1hzQjolxZ+eu3/kaS10n3sGPONsIZsO7R9fR00UyhEUA=="
  "resolved" "https://registry.npmjs.org/binaryen/-/binaryen-101.0.0-nightly.20210723.tgz"
  "version" "101.0.0-nightly.20210723"

"long@^4.0.0":
  "integrity" "sha512-XsP+KhQif4bjX1kbuSiySJFNAehNxgLb6hPRGJ9QsUr8ajHkuXGdrHmFUTUUXhDwVX2R5bY4JNZEwbUiMhV+MA=="
  "resolved" "https://registry.npmjs.org/long/-/long-4.0.0.tgz"
  "version" "4.0.0"

"prettier@^2.4.1":
  "integrity" "sha512-9fbDAXSBcc6Bs1mZrDYb3XKzDLm4EXXL9sC1LqKP5rZkT6KRr/rf9amVUcODVXgguK/isJz0d0hP72WeaKWsvA=="
  "resolved" "https://registry.npmjs.org/prettier/-/prettier-2.4.1.tgz"
  "version" "2.4.1"
